
Microsoft Visual Studio Solution File, Format Version 12.00
# Visual Studio Version 17
VisualStudioVersion = 17.8.34330.188
MinimumVisualStudioVersion = 10.0.40219.1
Project("{888888A0-9F3D-457C-B088-3A5042F75D52}") = "InstantExchangeRateInformation", "InstantExchangeRateInformation.pyproj", "{F8A45DB3-4EAB-4748-8C56-1C16AE1BC935}"
EndProject
Global
	GlobalSection(SolutionConfigurationPlatforms) = preSolution
		Debug|Any CPU = Debug|Any CPU
		Release|Any CPU = Release|Any CPU
	EndGlobalSection
	GlobalSection(ProjectConfigurationPlatforms) = postSolution
		{F8A45DB3-4EAB-4748-8C56-1C16AE1BC935}.Debug|Any CPU.ActiveCfg = Debug|Any CPU
		{F8A45DB3-4EAB-4748-8C56-1C16AE1BC935}.Release|Any CPU.ActiveCfg = Release|Any CPU
	EndGlobalSection
	GlobalSection(SolutionProperties) = preSolution
		HideSolutionNode = FALSE
	EndGlobalSection
	GlobalSection(ExtensibilityGlobals) = postSolution
		SolutionGuid = {C4B5A91C-8917-455E-99EC-D7EA90A2DBBA}
	EndGlobalSection
EndGlobal
